
Microsoft Visual Studio Solution File, Format Version 12.00
# Visual Studio Version 17
VisualStudioVersion = 17.6.33801.468
MinimumVisualStudioVersion = 10.0.40219.1
Project("{FAE04EC0-301F-11D3-BF4B-00C04F79EFBC}") = "DBot", "DBot.csproj", "{783EBF92-B865-43FF-A1ED-9FE548F3CD05}"
EndProject
Global
	GlobalSection(SolutionConfigurationPlatforms) = preSolution
		Debug|Any CPU = Debug|Any CPU
		Release|Any CPU = Release|Any CPU
	EndGlobalSection
	GlobalSection(ProjectConfigurationPlatforms) = postSolution
		{783EBF92-B865-43FF-A1ED-9FE548F3CD05}.Debug|Any CPU.ActiveCfg = Debug|Any CPU
		{783EBF92-B865-43FF-A1ED-9FE548F3CD05}.Debug|Any CPU.Build.0 = Debug|Any CPU
		{783EBF92-B865-43FF-A1ED-9FE548F3CD05}.Release|Any CPU.ActiveCfg = Release|Any CPU
		{783EBF92-B865-43FF-A1ED-9FE548F3CD05}.Release|Any CPU.Build.0 = Release|Any CPU
	EndGlobalSection
	GlobalSection(SolutionProperties) = preSolution
		HideSolutionNode = FALSE
	EndGlobalSection
	GlobalSection(ExtensibilityGlobals) = postSolution
		SolutionGuid = {6E4B3EB5-267A-4D26-9B7E-F9946B1715CE}
	EndGlobalSection
EndGlobal
